
Microsoft Visual Studio Solution File, Format Version 12.00
# Visual Studio Version 16
VisualStudioVersion = 16.0.29806.167
MinimumVisualStudioVersion = 10.0.40219.1
Project("{FAE04EC0-301F-11D3-BF4B-00C04F79EFBC}") = "SketchFabApi.Net", "SketchFabApi.Net\SketchFabApi.Net.csproj", "{F09292C2-15FB-4ED1-AAE2-E4D891E20572}"
EndProject
Global
	GlobalSection(SolutionConfigurationPlatforms) = preSolution
		Debug|Any CPU = Debug|Any CPU
		Release|Any CPU = Release|Any CPU
	EndGlobalSection
	GlobalSection(ProjectConfigurationPlatforms) = postSolution
		{F09292C2-15FB-4ED1-AAE2-E4D891E20572}.Debug|Any CPU.ActiveCfg = Debug|Any CPU
		{F09292C2-15FB-4ED1-AAE2-E4D891E20572}.Debug|Any CPU.Build.0 = Debug|Any CPU
		{F09292C2-15FB-4ED1-AAE2-E4D891E20572}.Release|Any CPU.ActiveCfg = Release|Any CPU
		{F09292C2-15FB-4ED1-AAE2-E4D891E20572}.Release|Any CPU.Build.0 = Release|Any CPU
	EndGlobalSection
	GlobalSection(SolutionProperties) = preSolution
		HideSolutionNode = FALSE
	EndGlobalSection
	GlobalSection(ExtensibilityGlobals) = postSolution
		SolutionGuid = {6E6239F2-6806-4797-894B-34ADD159E4CA}
	EndGlobalSection
EndGlobal
